{
  "name": "heyui-admin",
  "version": "1.0.0",
  "lockfileVersion": 1,
  "requires": true,
  "dependencies": {
    "heyui": {
      "version": "1.19.2",
      "resolved": "https://registry.npmjs.org/heyui/-/heyui-1.19.1.tgz",
      "integrity": "sha512-8AKnbttpEtsRumW3hu34cYRxGmXN7kbBOh1LUN6u+yweTU4S8ASnKiTC35vwXwLX4h9UuTSndGjY4l9P5Hbrog==",
      "requires": {
        "manba": "^1.2.8"
      },
      "dependencies": {
        "manba": {
          "version": "1.2.8",
          "resolved": "https://registry.npmjs.org/manba/-/manba-1.2.8.tgz",
          "integrity": "sha512-+xCchh7TI1M7mVQFR+dMaFXWJnut/vlVbnE/K0CzQH40nN5/KIdRgc+WSvotbbszATXBI6jxvDXDXh5WHLPSGA=="
        }
      }
    }
  }
}
